
Microsoft Visual Studio Solution File, Format Version 12.00
# Visual Studio Version 17
VisualStudioVersion = 17.13.35825.156 d17.13
MinimumVisualStudioVersion = 10.0.40219.1
Project("{FAE04EC0-301F-11D3-BF4B-00C04F79EFBC}") = "InventarioAPI", "InventarioAPI.csproj", "{168D7776-B8ED-4E26-8C15-276F3312AFB3}"
EndProject
Global
	GlobalSection(SolutionConfigurationPlatforms) = preSolution
		Debug|Any CPU = Debug|Any CPU
		Release|Any CPU = Release|Any CPU
	EndGlobalSection
	GlobalSection(ProjectConfigurationPlatforms) = postSolution
		{168D7776-B8ED-4E26-8C15-276F3312AFB3}.Debug|Any CPU.ActiveCfg = Debug|Any CPU
		{168D7776-B8ED-4E26-8C15-276F3312AFB3}.Debug|Any CPU.Build.0 = Debug|Any CPU
		{168D7776-B8ED-4E26-8C15-276F3312AFB3}.Release|Any CPU.ActiveCfg = Release|Any CPU
		{168D7776-B8ED-4E26-8C15-276F3312AFB3}.Release|Any CPU.Build.0 = Release|Any CPU
	EndGlobalSection
	GlobalSection(SolutionProperties) = preSolution
		HideSolutionNode = FALSE
	EndGlobalSection
	GlobalSection(ExtensibilityGlobals) = postSolution
		SolutionGuid = {8E2B497A-C06B-4820-BF7B-37C734705478}
	EndGlobalSection
EndGlobal
